
Microsoft Visual Studio Solution File, Format Version 12.00
# Visual Studio Version 16
VisualStudioVersion = 16.0.31205.134
MinimumVisualStudioVersion = 10.0.40219.1
Project("{FAE04EC0-301F-11D3-BF4B-00C04F79EFBC}") = "SignalR", "SignalR\SignalR.csproj", "{451EC648-8241-4293-82C0-FF1F5847264B}"
EndProject
Global
	GlobalSection(SolutionConfigurationPlatforms) = preSolution
		Debug|Any CPU = Debug|Any CPU
		Release|Any CPU = Release|Any CPU
	EndGlobalSection
	GlobalSection(ProjectConfigurationPlatforms) = postSolution
		{451EC648-8241-4293-82C0-FF1F5847264B}.Debug|Any CPU.ActiveCfg = Debug|Any CPU
		{451EC648-8241-4293-82C0-FF1F5847264B}.Debug|Any CPU.Build.0 = Debug|Any CPU
		{451EC648-8241-4293-82C0-FF1F5847264B}.Release|Any CPU.ActiveCfg = Release|Any CPU
		{451EC648-8241-4293-82C0-FF1F5847264B}.Release|Any CPU.Build.0 = Release|Any CPU
	EndGlobalSection
	GlobalSection(SolutionProperties) = preSolution
		HideSolutionNode = FALSE
	EndGlobalSection
	GlobalSection(ExtensibilityGlobals) = postSolution
		SolutionGuid = {CC7D333B-8367-4714-A0E5-C8D6A59D175C}
	EndGlobalSection
EndGlobal
